
Microsoft Visual Studio Solution File, Format Version 12.00
# Visual Studio Version 17
VisualStudioVersion = 17.7.34031.279
MinimumVisualStudioVersion = 10.0.40219.1
Project("{FAE04EC0-301F-11D3-BF4B-00C04F79EFBC}") = "prySosaEtapa5", "prySosaEtapa5.csproj", "{A016E9D4-98F9-4B65-A58B-4AAF81543176}"
EndProject
Global
	GlobalSection(SolutionConfigurationPlatforms) = preSolution
		Debug|Any CPU = Debug|Any CPU
		Release|Any CPU = Release|Any CPU
	EndGlobalSection
	GlobalSection(ProjectConfigurationPlatforms) = postSolution
		{A016E9D4-98F9-4B65-A58B-4AAF81543176}.Debug|Any CPU.ActiveCfg = Debug|Any CPU
		{A016E9D4-98F9-4B65-A58B-4AAF81543176}.Debug|Any CPU.Build.0 = Debug|Any CPU
		{A016E9D4-98F9-4B65-A58B-4AAF81543176}.Release|Any CPU.ActiveCfg = Release|Any CPU
		{A016E9D4-98F9-4B65-A58B-4AAF81543176}.Release|Any CPU.Build.0 = Release|Any CPU
	EndGlobalSection
	GlobalSection(SolutionProperties) = preSolution
		HideSolutionNode = FALSE
	EndGlobalSection
	GlobalSection(ExtensibilityGlobals) = postSolution
		SolutionGuid = {5FB89A8F-27E0-446B-9CD0-AFADFD58C611}
	EndGlobalSection
EndGlobal
